// !$*UTF8*$!
{
	archiveVersion = 1;
	classes = {
	};
	objectVersion = 46;
	objects = {

/* Begin PBXBuildFile section */
		046885B31D37306E005874CA /* AppDelegate.swift in Sources */ = {isa = PBXBuildFile; fileRef = 046885B21D37306E005874CA /* AppDelegate.swift */; };
		046885B51D37306E005874CA /* ViewController.swift in Sources */ = {isa = PBXBuildFile; fileRef = 046885B41D37306E005874CA /* ViewController.swift */; };
		046885B81D37306E005874CA /* Main.storyboard in Resources */ = {isa = PBXBuildFile; fileRef = 046885B61D37306E005874CA /* Main.storyboard */; };
		046885BA1D37306E005874CA /* Assets.xcassets in Resources */ = {isa = PBXBuildFile; fileRef = 046885B91D37306E005874CA /* Assets.xcassets */; };
		046885BD1D37306E005874CA /* LaunchScreen.storyboard in Resources */ = {isa = PBXBuildFile; fileRef = 046885BB1D37306E005874CA /* LaunchScreen.storyboard */; };
		046885C81D37306F005874CA /* DemoSwiftTests.swift in Sources */ = {isa = PBXBuildFile; fileRef = 046885C71D37306F005874CA /* DemoSwiftTests.swift */; };
		046885D31D37306F005874CA /* DemoSwiftUITests.swift in Sources */ = {isa = PBXBuildFile; fileRef = 046885D21D37306F005874CA /* DemoSwiftUITests.swift */; };
/* End PBXBuildFile section */

/* Begin PBXContainerItemProxy section */
		046885C41D37306F005874CA /* PBXContainerItemProxy */ = {
			isa = PBXContainerItemProxy;
			containerPortal = 046885A71D37306E005874CA /* Project object */;
			proxyType = 1;
			remoteGlobalIDString = 046885AE1D37306E005874CA;
			remoteInfo = DemoSwift;
		};
		046885CF1D37306F005874CA /* PBXContainerItemProxy */ = {
			isa = PBXContainerItemProxy;
			containerPortal = 046885A71D37306E005874CA /* Project object */;
			proxyType = 1;
			remoteGlobalIDString = 046885AE1D37306E005874CA;
			remoteInfo = DemoSwift;
		};
/* End PBXContainerItemProxy section */

/* Begin PBXFileReference section */
		046885AF1D37306E005874CA /* DemoSwift.app */ = {isa = PBXFileReference; explicitFileType = wrapper.application; includeInIndex = 0; path = DemoSwift.app; sourceTree = BUILT_PRODUCTS_DIR; };
		046885B21D37306E005874CA /* AppDelegate.swift */ = {isa = PBXFileReference; lastKnownFileType = sourcecode.swift; path = AppDelegate.swift; sourceTree = "<group>"; };
		046885B41D37306E005874CA /* ViewController.swift */ = {isa = PBXFileReference; lastKnownFileType = sourcecode.swift; path = ViewController.swift; sourceTree = "<group>"; };
		046885B71D37306E005874CA /* Base */ = {isa = PBXFileReference; lastKnownFileType = file.storyboard; name = Base; path = Base.lproj/Main.storyboard; sourceTree = "<group>"; };
		046885B91D37306E005874CA /* Assets.xcassets */ = {isa = PBXFileReference; lastKnownFileType = folder.assetcatalog; path = Assets.xcassets; sourceTree = "<group>"; };
		046885BC1D37306E005874CA /* Base */ = {isa = PBXFileReference; lastKnownFileType = file.storyboard; name = Base; path = Base.lproj/LaunchScreen.storyboard; sourceTree = "<group>"; };
		046885BE1D37306F005874CA /* Info.plist */ = {isa = PBXFileReference; lastKnownFileType = text.plist.xml; path = Info.plist; sourceTree = "<group>"; };
		046885C31D37306F005874CA /* DemoSwiftTests.xctest */ = {isa = PBXFileReference; explicitFileType = wrapper.cfbundle; includeInIndex = 0; path = DemoSwiftTests.xctest; sourceTree = BUILT_PRODUCTS_DIR; };
		046885C71D37306F005874CA /* DemoSwiftTests.swift */ = {isa = PBXFileReference; lastKnownFileType = sourcecode.swift; path = DemoSwiftTests.swift; sourceTree = "<group>"; };
		046885C91D37306F005874CA /* Info.plist */ = {isa = PBXFileReference; lastKnownFileType = text.plist.xml; path = Info.plist; sourceTree = "<group>"; };
		046885CE1D37306F005874CA /* DemoSwiftUITests.xctest */ = {isa = PBXFileReference; explicitFileType = wrapper.cfbundle; includeInIndex = 0; path = DemoSwiftUITests.xctest; sourceTree = BUILT_PRODUCTS_DIR; };
		046885D21D37306F005874CA /* DemoSwiftUITests.swift */ = {isa = PBXFileReference; lastKnownFileType = sourcecode.swift; path = DemoSwiftUITests.swift; sourceTree = "<group>"; };
		046885D41D37306F005874CA /* Info.plist */ = {isa = PBXFileReference; lastKnownFileType = text.plist.xml; path = Info.plist; sourceTree = "<group>"; };
/* End PBXFileReference section */

/* Begin PBXFrameworksBuildPhase section */
		046885AC1D37306E005874CA /* Frameworks */ = {
			isa = PBXFrameworksBuildPhase;
			buildActionMask = 2147483647;
			files = (
			);
			runOnlyForDeploymentPostprocessing = 0;
		};
		046885C01D37306F005874CA /* Frameworks */ = {
			isa = PBXFrameworksBuildPhase;
			buildActionMask = 2147483647;
			files = (
			);
			runOnlyForDeploymentPostprocessing = 0;
		};
		046885CB1D37306F005874CA /* Frameworks */ = {
			isa = PBXFrameworksBuildPhase;
			buildActionMask = 2147483647;
			files = (
			);
			runOnlyForDeploymentPostprocessing = 0;
		};
/* End PBXFrameworksBuildPhase section */

/* Begin PBXGroup section */
		046885A61D37306E005874CA = {
			isa = PBXGroup;
			children = (
				046885B11D37306E005874CA /* DemoSwift */,
				046885C61D37306F005874CA /* DemoSwiftTests */,
				046885D11D37306F005874CA /* DemoSwiftUITests */,
				046885B01D37306E005874CA /* Products */,
			);
			sourceTree = "<group>";
		};
		046885B01D37306E005874CA /* Products */ = {
			isa = PBXGroup;
			children = (
				046885AF1D37306E005874CA /* DemoSwift.app */,
				046885C31D37306F005874CA /* DemoSwiftTests.xctest */,
				046885CE1D37306F005874CA /* DemoSwiftUITests.xctest */,
			);
			name = Products;
			sourceTree = "<group>";
		};
		046885B11D37306E005874CA /* DemoSwift */ = {
			isa = PBXGroup;
			children = (
				046885B21D37306E005874CA /* AppDelegate.swift */,
				046885B41D37306E005874CA /* ViewController.swift */,
				046885B61D37306E005874CA /* Main.storyboard */,
				046885B91D37306E005874CA /* Assets.xcassets */,
				046885BB1D37306E005874CA /* LaunchScreen.storyboard */,
				046885BE1D37306F005874CA /* Info.plist */,
			);
			path = DemoSwift;
			sourceTree = "<group>";
		};
		046885C61D37306F005874CA /* DemoSwiftTests */ = {
			isa = PBXGroup;
			children = (
				046885C71D37306F005874CA /* DemoSwiftTests.swift */,
				046885C91D37306F005874CA /* Info.plist */,
			);
			path = DemoSwiftTests;
			sourceTree = "<group>";
		};
		046885D11D37306F005874CA /* DemoSwiftUITests */ = {
			isa = PBXGroup;
			children = (
				046885D21D37306F005874CA /* DemoSwiftUITests.swift */,
				046885D41D37306F005874CA /* Info.plist */,
			);
			path = DemoSwiftUITests;
			sourceTree = "<group>";
		};
/* End PBXGroup section */

/* Begin PBXNativeTarget section */
		046885AE1D37306E005874CA /* DemoSwift */ = {
			isa = PBXNativeTarget;
			buildConfigurationList = 046885D71D37306F005874CA /* Build configuration list for PBXNativeTarget "DemoSwift" */;
			buildPhases = (
				046885AB1D37306E005874CA /* Sources */,
				046885AC1D37306E005874CA /* Frameworks */,
				046885AD1D37306E005874CA /* Resources */,
			);
			buildRules = (
			);
			dependencies = (
			);
			name = DemoSwift;
			productName = DemoSwift;
			productReference = 046885AF1D37306E005874CA /* DemoSwift.app */;
			productType = "com.apple.product-type.application";
		};
		046885C21D37306F005874CA /* DemoSwiftTests */ = {
			isa = PBXNativeTarget;
			buildConfigurationList = 046885DA1D37306F005874CA /* Build configuration list for PBXNativeTarget "DemoSwiftTests" */;
			buildPhases = (
				046885BF1D37306F005874CA /* Sources */,
				046885C01D37306F005874CA /* Frameworks */,
				046885C11D37306F005874CA /* Resources */,
			);
			buildRules = (
			);
			dependencies = (
				046885C51D37306F005874CA /* PBXTargetDependency */,
			);
			name = DemoSwiftTests;
			productName = DemoSwiftTests;
			productReference = 046885C31D37306F005874CA /* DemoSwiftTests.xctest */;
			productType = "com.apple.product-type.bundle.unit-test";
		};
		046885CD1D37306F005874CA /* DemoSwiftUITests */ = {
			isa = PBXNativeTarget;
			buildConfigurationList = 046885DD1D37306F005874CA /* Build configuration list for PBXNativeTarget "DemoSwiftUITests" */;
			buildPhases = (
				046885CA1D37306F005874CA /* Sources */,
				046885CB1D37306F005874CA /* Frameworks */,
				046885CC1D37306F005874CA /* Resources */,
			);
			buildRules = (
			);
			dependencies = (
				046885D01D37306F005874CA /* PBXTargetDependency */,
			);
			name = DemoSwiftUITests;
			productName = DemoSwiftUITests;
			productReference = 046885CE1D37306F005874CA /* DemoSwiftUITests.xctest */;
			productType = "com.apple.product-type.bundle.ui-testing";
		};
/* End PBXNativeTarget section */

/* Begin PBXProject section */
		046885A71D37306E005874CA /* Project object */ = {
			isa = PBXProject;
			attributes = {
				LastSwiftUpdateCheck = 0730;
				LastUpgradeCheck = 0730;
				ORGANIZATIONNAME = tubjng;
				TargetAttributes = {
					046885AE1D37306E005874CA = {
						CreatedOnToolsVersion = 7.3.1;
						DevelopmentTeam = 43478CRMC7;
						LastSwiftMigration = 0800;
					};
					046885C21D37306F005874CA = {
						CreatedOnToolsVersion = 7.3.1;
						DevelopmentTeam = 43478CRMC7;
						LastSwiftMigration = 0800;
						TestTargetID = 046885AE1D37306E005874CA;
					};
					046885CD1D37306F005874CA = {
						CreatedOnToolsVersion = 7.3.1;
						DevelopmentTeam = 43478CRMC7;
						LastSwiftMigration = 0800;
						TestTargetID = 046885AE1D37306E005874CA;
					};
				};
			};
			buildConfigurationList = 046885AA1D37306E005874CA /* Build configuration list for PBXProject "DemoSwift" */;
			compatibilityVersion = "Xcode 3.2";
			developmentRegion = English;
			hasScannedForEncodings = 0;
			knownRegions = (
				en,
				Base,
			);
			mainGroup = 046885A61D37306E005874CA;
			productRefGroup = 046885B01D37306E005874CA /* Products */;
			projectDirPath = "";
			projectRoot = "";
			targets = (
				046885AE1D37306E005874CA /* DemoSwift */,
				046885C21D37306F005874CA /* DemoSwiftTests */,
				046885CD1D37306F005874CA /* DemoSwiftUITests */,
			);
		};
/* End PBXProject section */

/* Begin PBXResourcesBuildPhase section */
		046885AD1D37306E005874CA /* Resources */ = {
			isa = PBXResourcesBuildPhase;
			buildActionMask = 2147483647;
			files = (
				046885BD1D37306E005874CA /* LaunchScreen.storyboard in Resources */,
				046885BA1D37306E005874CA /* Assets.xcassets in Resources */,
				046885B81D37306E005874CA /* Main.storyboard in Resources */,
			);
			runOnlyForDeploymentPostprocessing = 0;
		};
		046885C11D37306F005874CA /* Resources */ = {
			isa = PBXResourcesBuildPhase;
			buildActionMask = 2147483647;
			files = (
			);
			runOnlyForDeploymentPostprocessing = 0;
		};
		046885CC1D37306F005874CA /* Resources */ = {
			isa = PBXResourcesBuildPhase;
			buildActionMask = 2147483647;
			files = (
			);
			runOnlyForDeploymentPostprocessing = 0;
		};
/* End PBXResourcesBuildPhase section */

/* Begin PBXSourcesBuildPhase section */
		046885AB1D37306E005874CA /* Sources */ = {
			isa = PBXSourcesBuildPhase;
			buildActionMask = 2147483647;
			files = (
				046885B51D37306E005874CA /* ViewController.swift in Sources */,
				046885B31D37306E005874CA /* AppDelegate.swift in Sources */,
			);
			runOnlyForDeploymentPostprocessing = 0;
		};
		046885BF1D37306F005874CA /* Sources */ = {
			isa = PBXSourcesBuildPhase;
			buildActionMask = 2147483647;
			files = (
				046885C81D37306F005874CA /* DemoSwiftTests.swift in Sources */,
			);
			runOnlyForDeploymentPostprocessing = 0;
		};
		046885CA1D37306F005874CA /* Sources */ = {
			isa = PBXSourcesBuildPhase;
			buildActionMask = 2147483647;
			files = (
				046885D31D37306F005874CA /* DemoSwiftUITests.swift in Sources */,
			);
			runOnlyForDeploymentPostprocessing = 0;
		};
/* End PBXSourcesBuildPhase section */

/* Begin PBXTargetDependency section */
		046885C51D37306F005874CA /* PBXTargetDependency */ = {
			isa = PBXTargetDependency;
			target = 046885AE1D37306E005874CA /* DemoSwift */;
			targetProxy = 046885C41D37306F005874CA /* PBXContainerItemProxy */;
		};
		046885D01D37306F005874CA /* PBXTargetDependency */ = {
			isa = PBXTargetDependency;
			target = 046885AE1D37306E005874CA /* DemoSwift */;
			targetProxy = 046885CF1D37306F005874CA /* PBXContainerItemProxy */;
		};
/* End PBXTargetDependency section */

/* Begin PBXVariantGroup section */
		046885B61D37306E005874CA /* Main.storyboard */ = {
			isa = PBXVariantGroup;
			children = (
				046885B71D37306E005874CA /* Base */,
			);
			name = Main.storyboard;
			sourceTree = "<group>";
		};
		046885BB1D37306E005874CA /* LaunchScreen.storyboard */ = {
			isa = PBXVariantGroup;
			children = (
				046885BC1D37306E005874CA /* Base */,
			);
			name = LaunchScreen.storyboard;
			sourceTree = "<group>";
		};
/* End PBXVariantGroup section */

/* Begin XCBuildConfiguration section */
		046885D51D37306F005874CA /* Debug */ = {
			isa = XCBuildConfiguration;
			buildSettings = {
				ALWAYS_SEARCH_USER_PATHS = NO;
				CLANG_ANALYZER_NONNULL = YES;
				CLANG_CXX_LANGUAGE_STANDARD = "gnu++0x";
				CLANG_CXX_LIBRARY = "libc++";
				CLANG_ENABLE_MODULES = YES;
				CLANG_ENABLE_OBJC_ARC = YES;
				CLANG_WARN_BOOL_CONVERSION = YES;
				CLANG_WARN_CONSTANT_CONVERSION = YES;
				CLANG_WARN_DIRECT_OBJC_ISA_USAGE = YES_ERROR;
				CLANG_WARN_EMPTY_BODY = YES;
				CLANG_WARN_ENUM_CONVERSION = YES;
				CLANG_WARN_INT_CONVERSION = YES;
				CLANG_WARN_OBJC_ROOT_CLASS = YES_ERROR;
				CLANG_WARN_UNREACHABLE_CODE = YES;
				CLANG_WARN__DUPLICATE_METHOD_MATCH = YES;
				"CODE_SIGN_IDENTITY[sdk=iphoneos*]" = "iPhone Developer";
				COPY_PHASE_STRIP = NO;
				DEBUG_INFORMATION_FORMAT = dwarf;
				ENABLE_STRICT_OBJC_MSGSEND = YES;
				ENABLE_TESTABILITY = YES;
				GCC_C_LANGUAGE_STANDARD = gnu99;
				GCC_DYNAMIC_NO_PIC = NO;
				GCC_NO_COMMON_BLOCKS = YES;
				GCC_OPTIMIZATION_LEVEL = 0;
				GCC_PREPROCESSOR_DEFINITIONS = (
					"DEBUG=1",
					"$(inherited)",
				);
				GCC_WARN_64_TO_32_BIT_CONVERSION = YES;
				GCC_WARN_ABOUT_RETURN_TYPE = YES_ERROR;
				GCC_WARN_UNDECLARED_SELECTOR = YES;
				GCC_WARN_UNINITIALIZED_AUTOS = YES_AGGRESSIVE;
				GCC_WARN_UNUSED_FUNCTION = YES;
				GCC_WARN_UNUSED_VARIABLE = YES;
				IPHONEOS_DEPLOYMENT_TARGET = 9.3;
				MTL_ENABLE_DEBUG_INFO = YES;
				ONLY_ACTIVE_ARCH = YES;
				SDKROOT = iphoneos;
				SWIFT_OPTIMIZATION_LEVEL = "-Onone";
				TARGETED_DEVICE_FAMILY = "1,2";
			};
			name = Debug;
		};
		046885D61D37306F005874CA /* Release */ = {
			isa = XCBuildConfiguration;
			buildSettings = {
				ALWAYS_SEARCH_USER_PATHS = NO;
				CLANG_ANALYZER_NONNULL = YES;
				CLANG_CXX_LANGUAGE_STANDARD = "gnu++0x";
				CLANG_CXX_LIBRARY = "libc++";
				CLANG_ENABLE_MODULES = YES;
				CLANG_ENABLE_OBJC_ARC = YES;
				CLANG_WARN_BOOL_CONVERSION = YES;
				CLANG_WARN_CONSTANT_CONVERSION = YES;
				CLANG_WARN_DIRECT_OBJC_ISA_USAGE = YES_ERROR;
				CLANG_WARN_EMPTY_BODY = YES;
				CLANG_WARN_ENUM_CONVERSION = YES;
				CLANG_WARN_INT_CONVERSION = YES;
				CLANG_WARN_OBJC_ROOT_CLASS = YES_ERROR;
				CLANG_WARN_UNREACHABLE_CODE = YES;
				CLANG_WARN__DUPLICATE_METHOD_MATCH = YES;
				"CODE_SIGN_IDENTITY[sdk=iphoneos*]" = "iPhone Developer";
				COPY_PHASE_STRIP = NO;
				DEBUG_INFORMATION_FORMAT = "dwarf-with-dsym";
				ENABLE_NS_ASSERTIONS = NO;
				ENABLE_STRICT_OBJC_MSGSEND = YES;
				GCC_C_LANGUAGE_STANDARD = gnu99;
				GCC_NO_COMMON_BLOCKS = YES;
				GCC_WARN_64_TO_32_BIT_CONVERSION = YES;
				GCC_WARN_ABOUT_RETURN_TYPE = YES_ERROR;
				GCC_WARN_UNDECLARED_SELECTOR = YES;
				GCC_WARN_UNINITIALIZED_AUTOS = YES_AGGRESSIVE;
				GCC_WARN_UNUSED_FUNCTION = YES;
				GCC_WARN_UNUSED_VARIABLE = YES;
				IPHONEOS_DEPLOYMENT_TARGET = 9.3;
				MTL_ENABLE_DEBUG_INFO = NO;
				SDKROOT = iphoneos;
				TARGETED_DEVICE_FAMILY = "1,2";
				VALIDATE_PRODUCT = YES;
			};
			name = Release;
		};
		046885D81D37306F005874CA /* Debug */ = {
			isa = XCBuildConfiguration;
			buildSettings = {
				ASSETCATALOG_COMPILER_APPICON_NAME = AppIcon;
				INFOPLIST_FILE = DemoSwift/Info.plist;
				LD_RUNPATH_SEARCH_PATHS = "$(inherited) @executable_path/Frameworks";
				PRODUCT_BUNDLE_IDENTIFIER = nguyentubjng.DemoSwift;
				PRODUCT_NAME = "$(TARGET_NAME)";
				SWIFT_VERSION = 3.0;
			};
			name = Debug;
		};
		046885D91D37306F005874CA /* Release */ = {
			isa = XCBuildConfiguration;
			buildSettings = {
				ASSETCATALOG_COMPILER_APPICON_NAME = AppIcon;
				INFOPLIST_FILE = DemoSwift/Info.plist;
				LD_RUNPATH_SEARCH_PATHS = "$(inherited) @executable_path/Frameworks";
				PRODUCT_BUNDLE_IDENTIFIER = nguyentubjng.DemoSwift;
				PRODUCT_NAME = "$(TARGET_NAME)";
				SWIFT_VERSION = 3.0;
			};
			name = Release;
		};
		046885DB1D37306F005874CA /* Debug */ = {
			isa = XCBuildConfiguration;
			buildSettings = {
				BUNDLE_LOADER = "$(TEST_HOST)";
				INFOPLIST_FILE = DemoSwiftTests/Info.plist;
				LD_RUNPATH_SEARCH_PATHS = "$(inherited) @executable_path/Frameworks @loader_path/Frameworks";
				PRODUCT_BUNDLE_IDENTIFIER = nguyentubjng.DemoSwiftTests;
				PRODUCT_NAME = "$(TARGET_NAME)";
				SWIFT_VERSION = 3.0;
				TEST_HOST = "$(BUILT_PRODUCTS_DIR)/DemoSwift.app/DemoSwift";
			};
			name = Debug;
		};
		046885DC1D37306F005874CA /* Release */ = {
			isa = XCBuildConfiguration;
			buildSettings = {
				BUNDLE_LOADER = "$(TEST_HOST)";
				INFOPLIST_FILE = DemoSwiftTests/Info.plist;
				LD_RUNPATH_SEARCH_PATHS = "$(inherited) @executable_path/Frameworks @loader_path/Frameworks";
				PRODUCT_BUNDLE_IDENTIFIER = nguyentubjng.DemoSwiftTests;
				PRODUCT_NAME = "$(TARGET_NAME)";
				SWIFT_VERSION = 3.0;
				TEST_HOST = "$(BUILT_PRODUCTS_DIR)/DemoSwift.app/DemoSwift";
			};
			name = Release;
		};
		046885DE1D37306F005874CA /* Debug */ = {
			isa = XCBuildConfiguration;
			buildSettings = {
				INFOPLIST_FILE = DemoSwiftUITests/Info.plist;
				LD_RUNPATH_SEARCH_PATHS = "$(inherited) @executable_path/Frameworks @loader_path/Frameworks";
				PRODUCT_BUNDLE_IDENTIFIER = nguyentubjng.DemoSwiftUITests;
				PRODUCT_NAME = "$(TARGET_NAME)";
				SWIFT_VERSION = 3.0;
				TEST_TARGET_NAME = DemoSwift;
			};
			name = Debug;
		};
		046885DF1D37306F005874CA /* Release */ = {
			isa = XCBuildConfiguration;
			buildSettings = {
				INFOPLIST_FILE = DemoSwiftUITests/Info.plist;
				LD_RUNPATH_SEARCH_PATHS = "$(inherited) @executable_path/Frameworks @loader_path/Frameworks";
				PRODUCT_BUNDLE_IDENTIFIER = nguyentubjng.DemoSwiftUITests;
				PRODUCT_NAME = "$(TARGET_NAME)";
				SWIFT_VERSION = 3.0;
				TEST_TARGET_NAME = DemoSwift;
			};
			name = Release;
		};
/* End XCBuildConfiguration section */

/* Begin XCConfigurationList section */
		046885AA1D37306E005874CA /* Build configuration list for PBXProject "DemoSwift" */ = {
			isa = XCConfigurationList;
			buildConfigurations = (
				046885D51D37306F005874CA /* Debug */,
				046885D61D37306F005874CA /* Release */,
			);
			defaultConfigurationIsVisible = 0;
			defaultConfigurationName = Release;
		};
		046885D71D37306F005874CA /* Build configuration list for PBXNativeTarget "DemoSwift" */ = {
			isa = XCConfigurationList;
			buildConfigurations = (
				046885D81D37306F005874CA /* Debug */,
				046885D91D37306F005874CA /* Release */,
			);
			defaultConfigurationIsVisible = 0;
			defaultConfigurationName = Release;
		};
		046885DA1D37306F005874CA /* Build configuration list for PBXNativeTarget "DemoSwiftTests" */ = {
			isa = XCConfigurationList;
			buildConfigurations = (
				046885DB1D37306F005874CA /* Debug */,
				046885DC1D37306F005874CA /* Release */,
			);
			defaultConfigurationIsVisible = 0;
			defaultConfigurationName = Release;
		};
		046885DD1D37306F005874CA /* Build configuration list for PBXNativeTarget "DemoSwiftUITests" */ = {
			isa = XCConfigurationList;
			buildConfigurations = (
				046885DE1D37306F005874CA /* Debug */,
				046885DF1D37306F005874CA /* Release */,
			);
			defaultConfigurationIsVisible = 0;
			defaultConfigurationName = Release;
		};
/* End XCConfigurationList section */
	};
	rootObject = 046885A71D37306E005874CA /* Project object */;
}
